
Microsoft Visual Studio Solution File, Format Version 12.00
# Visual Studio 2017
Project("{FAE04EC0-301F-11D3-BF4B-00C04F79EFBC}") = "B177033client", "B177033client.csproj", "{FDAF2B13-D130-9D38-800C-110D1F233756}"
EndProject
Global
	GlobalSection(SolutionConfigurationPlatforms) = preSolution
		Debug|Any CPU = Debug|Any CPU
		Release|Any CPU = Release|Any CPU
	EndGlobalSection
	GlobalSection(ProjectConfigurationPlatforms) = postSolution
		{FDAF2B13-D130-9D38-800C-110D1F233756}.Debug|Any CPU.ActiveCfg = Debug|Any CPU
		{FDAF2B13-D130-9D38-800C-110D1F233756}.Debug|Any CPU.Build.0 = Debug|Any CPU
		{FDAF2B13-D130-9D38-800C-110D1F233756}.Release|Any CPU.ActiveCfg = Release|Any CPU
		{FDAF2B13-D130-9D38-800C-110D1F233756}.Release|Any CPU.Build.0 = Release|Any CPU
	EndGlobalSection
	GlobalSection(SolutionProperties) = preSolution
		HideSolutionNode = FALSE
	EndGlobalSection
EndGlobal
